
Microsoft Visual Studio Solution File, Format Version 12.00
# Visual Studio 15
Project("{FAE04EC0-301F-11D3-BF4B-00C04F79EFBC}") = "SimpleInput.Runtime", "SimpleInput.Runtime.csproj", "{21076FAC-151B-8BA0-6703-422ABC53FCE0}"
EndProject
Project("{FAE04EC0-301F-11D3-BF4B-00C04F79EFBC}") = "Assembly-CSharp", "Assembly-CSharp.csproj", "{3FA681DF-1494-CAEB-8B1A-1B14301FD253}"
EndProject
Project("{FAE04EC0-301F-11D3-BF4B-00C04F79EFBC}") = "Assembly-CSharp-Editor", "Assembly-CSharp-Editor.csproj", "{A273F495-C53B-03AF-564F-98EBB446D4EB}"
EndProject
Project("{FAE04EC0-301F-11D3-BF4B-00C04F79EFBC}") = "SimpleInput.Editor", "SimpleInput.Editor.csproj", "{73575CAB-B2D4-E6DF-8C06-DC5D8EA6E409}"
EndProject
Global
	GlobalSection(SolutionConfigurationPlatforms) = preSolution
		Debug|Any CPU = Debug|Any CPU
		Release|Any CPU = Release|Any CPU
	EndGlobalSection
	GlobalSection(ProjectConfigurationPlatforms) = postSolution
		{21076FAC-151B-8BA0-6703-422ABC53FCE0}.Debug|Any CPU.ActiveCfg = Debug|Any CPU
		{21076FAC-151B-8BA0-6703-422ABC53FCE0}.Debug|Any CPU.Build.0 = Debug|Any CPU
		{21076FAC-151B-8BA0-6703-422ABC53FCE0}.Release|Any CPU.ActiveCfg = Release|Any CPU
		{21076FAC-151B-8BA0-6703-422ABC53FCE0}.Release|Any CPU.Build.0 = Release|Any CPU
		{3FA681DF-1494-CAEB-8B1A-1B14301FD253}.Debug|Any CPU.ActiveCfg = Debug|Any CPU
		{3FA681DF-1494-CAEB-8B1A-1B14301FD253}.Debug|Any CPU.Build.0 = Debug|Any CPU
		{3FA681DF-1494-CAEB-8B1A-1B14301FD253}.Release|Any CPU.ActiveCfg = Release|Any CPU
		{3FA681DF-1494-CAEB-8B1A-1B14301FD253}.Release|Any CPU.Build.0 = Release|Any CPU
		{A273F495-C53B-03AF-564F-98EBB446D4EB}.Debug|Any CPU.ActiveCfg = Debug|Any CPU
		{A273F495-C53B-03AF-564F-98EBB446D4EB}.Debug|Any CPU.Build.0 = Debug|Any CPU
		{A273F495-C53B-03AF-564F-98EBB446D4EB}.Release|Any CPU.ActiveCfg = Release|Any CPU
		{A273F495-C53B-03AF-564F-98EBB446D4EB}.Release|Any CPU.Build.0 = Release|Any CPU
		{73575CAB-B2D4-E6DF-8C06-DC5D8EA6E409}.Debug|Any CPU.ActiveCfg = Debug|Any CPU
		{73575CAB-B2D4-E6DF-8C06-DC5D8EA6E409}.Debug|Any CPU.Build.0 = Debug|Any CPU
		{73575CAB-B2D4-E6DF-8C06-DC5D8EA6E409}.Release|Any CPU.ActiveCfg = Release|Any CPU
		{73575CAB-B2D4-E6DF-8C06-DC5D8EA6E409}.Release|Any CPU.Build.0 = Release|Any CPU
	EndGlobalSection
	GlobalSection(SolutionProperties) = preSolution
		HideSolutionNode = FALSE
	EndGlobalSection
EndGlobal
